// !$*UTF8*$!
{
	archiveVersion = 1;
	classes = {
	};
	objectVersion = 45;
	objects = {

/* Begin PBXBuildFile section */
		1DDD58160DA1D0A300B32029 /* MainMenu.xib in Resources */ = {isa = PBXBuildFile; fileRef = 1DDD58140DA1D0A300B32029 /* MainMenu.xib */; };
		8D11072B0486CEB800E47090 /* InfoPlist.strings in Resources */ = {isa = PBXBuildFile; fileRef = 089C165CFE840E0CC02AAC07 /* InfoPlist.strings */; };
		8D11072D0486CEB800E47090 /* main.m in Sources */ = {isa = PBXBuildFile; fileRef = 29B97316FDCFA39411CA2CEA /* main.m */; settings = {ATTRIBUTES = (); }; };
		8D11072F0486CEB800E47090 /* Cocoa.framework in Frameworks */ = {isa = PBXBuildFile; fileRef = 1058C7A1FEA54F0111CA2CBB /* Cocoa.framework */; };
		AA6C58D41119B3C200D02F93 /* SCRemoteAccelerometer.m in Sources */ = {isa = PBXBuildFile; fileRef = AA6C58D31119B3C200D02F93 /* SCRemoteAccelerometer.m */; };
		E66EF3661114948500E9E26F /* Alarm_ClockAppDelegate.m in Sources */ = {isa = PBXBuildFile; fileRef = E66EF3651114948500E9E26F /* Alarm_ClockAppDelegate.m */; };
		E66EF36E1114976500E9E26F /* SCPlotCanvas.m in Sources */ = {isa = PBXBuildFile; fileRef = E66EF36D1114976500E9E26F /* SCPlotCanvas.m */; };
		E66EF38B1114B09000E9E26F /* SCMapperUnitTest.m in Sources */ = {isa = PBXBuildFile; fileRef = E66EF38A1114B09000E9E26F /* SCMapperUnitTest.m */; };
		E66EF3931114DFEF00E9E26F /* SCScale.m in Sources */ = {isa = PBXBuildFile; fileRef = E66EF3921114DFEF00E9E26F /* SCScale.m */; };
		E66EF3941114DFEF00E9E26F /* SCScale.m in Sources */ = {isa = PBXBuildFile; fileRef = E66EF3921114DFEF00E9E26F /* SCScale.m */; };
		E66EF3BB1114ED9200E9E26F /* SC2DScale.m in Sources */ = {isa = PBXBuildFile; fileRef = E66EF3BA1114ED9200E9E26F /* SC2DScale.m */; };
		E66EF3BC1114ED9200E9E26F /* SC2DScale.m in Sources */ = {isa = PBXBuildFile; fileRef = E66EF3BA1114ED9200E9E26F /* SC2DScale.m */; };
		E66EF3BF1114F0D000E9E26F /* SC2DScaleUnitTest.m in Sources */ = {isa = PBXBuildFile; fileRef = E66EF3BE1114F0D000E9E26F /* SC2DScaleUnitTest.m */; };
		E66EF3F21114FBA500E9E26F /* SCGraph.m in Sources */ = {isa = PBXBuildFile; fileRef = E66EF3F11114FBA500E9E26F /* SCGraph.m */; };
		E66EF3FE1115009200E9E26F /* SCGraph.m in Sources */ = {isa = PBXBuildFile; fileRef = E66EF3F11114FBA500E9E26F /* SCGraph.m */; };
/* End PBXBuildFile section */

/* Begin PBXFileReference section */
		089C165DFE840E0CC02AAC07 /* English */ = {isa = PBXFileReference; fileEncoding = 4; lastKnownFileType = text.plist.strings; name = English; path = English.lproj/InfoPlist.strings; sourceTree = "<group>"; };
		1058C7A1FEA54F0111CA2CBB /* Cocoa.framework */ = {isa = PBXFileReference; lastKnownFileType = wrapper.framework; name = Cocoa.framework; path = /System/Library/Frameworks/Cocoa.framework; sourceTree = "<absolute>"; };
		13E42FB307B3F0F600E4EEF1 /* CoreData.framework */ = {isa = PBXFileReference; lastKnownFileType = wrapper.framework; name = CoreData.framework; path = /System/Library/Frameworks/CoreData.framework; sourceTree = "<absolute>"; };
		1DDD58150DA1D0A300B32029 /* English */ = {isa = PBXFileReference; lastKnownFileType = file.xib; name = English; path = English.lproj/MainMenu.xib; sourceTree = "<group>"; };
		256AC3F00F4B6AF500CF3369 /* Alarm_Clock_Prefix.pch */ = {isa = PBXFileReference; fileEncoding = 4; lastKnownFileType = sourcecode.c.h; path = Alarm_Clock_Prefix.pch; sourceTree = "<group>"; };
		29B97316FDCFA39411CA2CEA /* main.m */ = {isa = PBXFileReference; fileEncoding = 4; lastKnownFileType = sourcecode.c.objc; path = main.m; sourceTree = "<group>"; };
		29B97324FDCFA39411CA2CEA /* AppKit.framework */ = {isa = PBXFileReference; lastKnownFileType = wrapper.framework; name = AppKit.framework; path = /System/Library/Frameworks/AppKit.framework; sourceTree = "<absolute>"; };
		29B97325FDCFA39411CA2CEA /* Foundation.framework */ = {isa = PBXFileReference; lastKnownFileType = wrapper.framework; name = Foundation.framework; path = /System/Library/Frameworks/Foundation.framework; sourceTree = "<absolute>"; };
		8D1107310486CEB800E47090 /* Alarm_Clock-Info.plist */ = {isa = PBXFileReference; fileEncoding = 4; lastKnownFileType = text.plist.xml; path = "Alarm_Clock-Info.plist"; sourceTree = "<group>"; };
		8D1107320486CEB800E47090 /* Alarm-Clock.app */ = {isa = PBXFileReference; explicitFileType = wrapper.application; includeInIndex = 0; path = "Alarm-Clock.app"; sourceTree = BUILT_PRODUCTS_DIR; };
		AA6C58D21119B3C200D02F93 /* SCRemoteAccelerometer.h */ = {isa = PBXFileReference; fileEncoding = 4; lastKnownFileType = sourcecode.c.h; path = SCRemoteAccelerometer.h; sourceTree = "<group>"; };
		AA6C58D31119B3C200D02F93 /* SCRemoteAccelerometer.m */ = {isa = PBXFileReference; fileEncoding = 4; lastKnownFileType = sourcecode.c.objc; path = SCRemoteAccelerometer.m; sourceTree = "<group>"; };
		E66EF3641114948500E9E26F /* Alarm_ClockAppDelegate.h */ = {isa = PBXFileReference; fileEncoding = 4; lastKnownFileType = sourcecode.c.h; name = Alarm_ClockAppDelegate.h; path = Classes/Alarm_ClockAppDelegate.h; sourceTree = "<group>"; };
		E66EF3651114948500E9E26F /* Alarm_ClockAppDelegate.m */ = {isa = PBXFileReference; fileEncoding = 4; lastKnownFileType = sourcecode.c.objc; name = Alarm_ClockAppDelegate.m; path = Classes/Alarm_ClockAppDelegate.m; sourceTree = "<group>"; };
		E66EF36C1114976500E9E26F /* SCPlotCanvas.h */ = {isa = PBXFileReference; fileEncoding = 4; lastKnownFileType = sourcecode.c.h; path = SCPlotCanvas.h; sourceTree = "<group>"; };
		E66EF36D1114976500E9E26F /* SCPlotCanvas.m */ = {isa = PBXFileReference; fileEncoding = 4; lastKnownFileType = sourcecode.c.objc; path = SCPlotCanvas.m; sourceTree = "<group>"; };
		E66EF3821114B00D00E9E26F /* UnitTests.octest */ = {isa = PBXFileReference; explicitFileType = wrapper.cfbundle; includeInIndex = 0; path = UnitTests.octest; sourceTree = BUILT_PRODUCTS_DIR; };
		E66EF3831114B00D00E9E26F /* UnitTests-Info.plist */ = {isa = PBXFileReference; lastKnownFileType = text.plist.xml; path = "UnitTests-Info.plist"; sourceTree = "<group>"; };
		E66EF3891114B09000E9E26F /* SCMapperUnitTest.h */ = {isa = PBXFileReference; fileEncoding = 4; lastKnownFileType = sourcecode.c.h; path = SCMapperUnitTest.h; sourceTree = "<group>"; };
		E66EF38A1114B09000E9E26F /* SCMapperUnitTest.m */ = {isa = PBXFileReference; fileEncoding = 4; lastKnownFileType = sourcecode.c.objc; path = SCMapperUnitTest.m; sourceTree = "<group>"; };
		E66EF3911114DFEF00E9E26F /* SCScale.h */ = {isa = PBXFileReference; fileEncoding = 4; lastKnownFileType = sourcecode.c.h; path = SCScale.h; sourceTree = "<group>"; };
		E66EF3921114DFEF00E9E26F /* SCScale.m */ = {isa = PBXFileReference; fileEncoding = 4; lastKnownFileType = sourcecode.c.objc; path = SCScale.m; sourceTree = "<group>"; };
		E66EF3B91114ED9200E9E26F /* SC2DScale.h */ = {isa = PBXFileReference; fileEncoding = 4; lastKnownFileType = sourcecode.c.h; path = SC2DScale.h; sourceTree = "<group>"; };
		E66EF3BA1114ED9200E9E26F /* SC2DScale.m */ = {isa = PBXFileReference; fileEncoding = 4; lastKnownFileType = sourcecode.c.objc; path = SC2DScale.m; sourceTree = "<group>"; };
		E66EF3BD1114F0D000E9E26F /* SC2DScaleUnitTest.h */ = {isa = PBXFileReference; fileEncoding = 4; lastKnownFileType = sourcecode.c.h; path = SC2DScaleUnitTest.h; sourceTree = "<group>"; };
		E66EF3BE1114F0D000E9E26F /* SC2DScaleUnitTest.m */ = {isa = PBXFileReference; fileEncoding = 4; lastKnownFileType = sourcecode.c.objc; path = SC2DScaleUnitTest.m; sourceTree = "<group>"; };
		E66EF3F01114FBA500E9E26F /* SCGraph.h */ = {isa = PBXFileReference; fileEncoding = 4; lastKnownFileType = sourcecode.c.h; path = SCGraph.h; sourceTree = "<group>"; };
		E66EF3F11114FBA500E9E26F /* SCGraph.m */ = {isa = PBXFileReference; fileEncoding = 4; lastKnownFileType = sourcecode.c.objc; path = SCGraph.m; sourceTree = "<group>"; };
/* End PBXFileReference section */

/* Begin PBXFrameworksBuildPhase section */
		8D11072E0486CEB800E47090 /* Frameworks */ = {
			isa = PBXFrameworksBuildPhase;
			buildActionMask = 2147483647;
			files = (
				8D11072F0486CEB800E47090 /* Cocoa.framework in Frameworks */,
			);
			runOnlyForDeploymentPostprocessing = 0;
		};
		E66EF37F1114B00D00E9E26F /* Frameworks */ = {
			isa = PBXFrameworksBuildPhase;
			buildActionMask = 2147483647;
			files = (
			);
			runOnlyForDeploymentPostprocessing = 0;
		};
/* End PBXFrameworksBuildPhase section */

/* Begin PBXGroup section */
		080E96DDFE201D6D7F000001 /* Classes */ = {
			isa = PBXGroup;
			children = (
				E66EF36B111496D900E9E26F /* SCPlotCanvas */,
				E66EF36A1114952900E9E26F /* SCSleepAnalyser */,
				E66EF369111494EC00E9E26F /* SCRemoteAccelerometer */,
				E66EF3641114948500E9E26F /* Alarm_ClockAppDelegate.h */,
				E66EF3651114948500E9E26F /* Alarm_ClockAppDelegate.m */,
			);
			name = Classes;
			sourceTree = "<group>";
		};
		1058C7A0FEA54F0111CA2CBB /* Linked Frameworks */ = {
			isa = PBXGroup;
			children = (
				1058C7A1FEA54F0111CA2CBB /* Cocoa.framework */,
			);
			name = "Linked Frameworks";
			sourceTree = "<group>";
		};
		1058C7A2FEA54F0111CA2CBB /* Other Frameworks */ = {
			isa = PBXGroup;
			children = (
				29B97324FDCFA39411CA2CEA /* AppKit.framework */,
				13E42FB307B3F0F600E4EEF1 /* CoreData.framework */,
				29B97325FDCFA39411CA2CEA /* Foundation.framework */,
			);
			name = "Other Frameworks";
			sourceTree = "<group>";
		};
		19C28FACFE9D520D11CA2CBB /* Products */ = {
			isa = PBXGroup;
			children = (
				8D1107320486CEB800E47090 /* Alarm-Clock.app */,
				E66EF3821114B00D00E9E26F /* UnitTests.octest */,
			);
			name = Products;
			sourceTree = "<group>";
		};
		29B97314FDCFA39411CA2CEA /* Alarm-Clock */ = {
			isa = PBXGroup;
			children = (
				E66EF3881114B01C00E9E26F /* Tests */,
				080E96DDFE201D6D7F000001 /* Classes */,
				29B97315FDCFA39411CA2CEA /* Other Sources */,
				29B97317FDCFA39411CA2CEA /* Resources */,
				29B97323FDCFA39411CA2CEA /* Frameworks */,
				19C28FACFE9D520D11CA2CBB /* Products */,
				E66EF3831114B00D00E9E26F /* UnitTests-Info.plist */,
			);
			name = "Alarm-Clock";
			sourceTree = "<group>";
		};
		29B97315FDCFA39411CA2CEA /* Other Sources */ = {
			isa = PBXGroup;
			children = (
				256AC3F00F4B6AF500CF3369 /* Alarm_Clock_Prefix.pch */,
				29B97316FDCFA39411CA2CEA /* main.m */,
			);
			name = "Other Sources";
			sourceTree = "<group>";
		};
		29B97317FDCFA39411CA2CEA /* Resources */ = {
			isa = PBXGroup;
			children = (
				8D1107310486CEB800E47090 /* Alarm_Clock-Info.plist */,
				089C165CFE840E0CC02AAC07 /* InfoPlist.strings */,
				1DDD58140DA1D0A300B32029 /* MainMenu.xib */,
			);
			name = Resources;
			sourceTree = "<group>";
		};
		29B97323FDCFA39411CA2CEA /* Frameworks */ = {
			isa = PBXGroup;
			children = (
				1058C7A0FEA54F0111CA2CBB /* Linked Frameworks */,
				1058C7A2FEA54F0111CA2CBB /* Other Frameworks */,
			);
			name = Frameworks;
			sourceTree = "<group>";
		};
		E66EF369111494EC00E9E26F /* SCRemoteAccelerometer */ = {
			isa = PBXGroup;
			children = (
				AA6C58D21119B3C200D02F93 /* SCRemoteAccelerometer.h */,
				AA6C58D31119B3C200D02F93 /* SCRemoteAccelerometer.m */,
			);
			name = SCRemoteAccelerometer;
			sourceTree = "<group>";
		};
		E66EF36A1114952900E9E26F /* SCSleepAnalyser */ = {
			isa = PBXGroup;
			children = (
			);
			name = SCSleepAnalyser;
			sourceTree = "<group>";
		};
		E66EF36B111496D900E9E26F /* SCPlotCanvas */ = {
			isa = PBXGroup;
			children = (
				E66EF36C1114976500E9E26F /* SCPlotCanvas.h */,
				E66EF36D1114976500E9E26F /* SCPlotCanvas.m */,
				E66EF3911114DFEF00E9E26F /* SCScale.h */,
				E66EF3921114DFEF00E9E26F /* SCScale.m */,
				E66EF3B91114ED9200E9E26F /* SC2DScale.h */,
				E66EF3BA1114ED9200E9E26F /* SC2DScale.m */,
				E66EF3F01114FBA500E9E26F /* SCGraph.h */,
				E66EF3F11114FBA500E9E26F /* SCGraph.m */,
			);
			name = SCPlotCanvas;
			sourceTree = "<group>";
		};
		E66EF3881114B01C00E9E26F /* Tests */ = {
			isa = PBXGroup;
			children = (
				E66EF3891114B09000E9E26F /* SCMapperUnitTest.h */,
				E66EF38A1114B09000E9E26F /* SCMapperUnitTest.m */,
				E66EF3BD1114F0D000E9E26F /* SC2DScaleUnitTest.h */,
				E66EF3BE1114F0D000E9E26F /* SC2DScaleUnitTest.m */,
			);
			name = Tests;
			sourceTree = "<group>";
		};
/* End PBXGroup section */

/* Begin PBXNativeTarget section */
		8D1107260486CEB800E47090 /* Alarm-Clock */ = {
			isa = PBXNativeTarget;
			buildConfigurationList = C01FCF4A08A954540054247B /* Build configuration list for PBXNativeTarget "Alarm-Clock" */;
			buildPhases = (
				8D1107290486CEB800E47090 /* Resources */,
				8D11072C0486CEB800E47090 /* Sources */,
				8D11072E0486CEB800E47090 /* Frameworks */,
			);
			buildRules = (
			);
			dependencies = (
			);
			name = "Alarm-Clock";
			productInstallPath = "$(HOME)/Applications";
			productName = "Alarm-Clock";
			productReference = 8D1107320486CEB800E47090 /* Alarm-Clock.app */;
			productType = "com.apple.product-type.application";
		};
		E66EF3811114B00D00E9E26F /* UnitTests */ = {
			isa = PBXNativeTarget;
			buildConfigurationList = E66EF3861114B00E00E9E26F /* Build configuration list for PBXNativeTarget "UnitTests" */;
			buildPhases = (
				E66EF37D1114B00D00E9E26F /* Resources */,
				E66EF37E1114B00D00E9E26F /* Sources */,
				E66EF37F1114B00D00E9E26F /* Frameworks */,
				E66EF3801114B00D00E9E26F /* ShellScript */,
			);
			buildRules = (
			);
			dependencies = (
			);
			name = UnitTests;
			productName = UnitTests;
			productReference = E66EF3821114B00D00E9E26F /* UnitTests.octest */;
			productType = "com.apple.product-type.bundle";
		};
/* End PBXNativeTarget section */

/* Begin PBXProject section */
		29B97313FDCFA39411CA2CEA /* Project object */ = {
			isa = PBXProject;
			attributes = {
				ORGANIZATIONNAME = Robert;
			};
			buildConfigurationList = C01FCF4E08A954540054247B /* Build configuration list for PBXProject "Alarm-Clock" */;
			compatibilityVersion = "Xcode 3.1";
			hasScannedForEncodings = 1;
			mainGroup = 29B97314FDCFA39411CA2CEA /* Alarm-Clock */;
			projectDirPath = "";
			projectRoot = "";
			targets = (
				8D1107260486CEB800E47090 /* Alarm-Clock */,
				E66EF3811114B00D00E9E26F /* UnitTests */,
			);
		};
/* End PBXProject section */

/* Begin PBXResourcesBuildPhase section */
		8D1107290486CEB800E47090 /* Resources */ = {
			isa = PBXResourcesBuildPhase;
			buildActionMask = 2147483647;
			files = (
				8D11072B0486CEB800E47090 /* InfoPlist.strings in Resources */,
				1DDD58160DA1D0A300B32029 /* MainMenu.xib in Resources */,
			);
			runOnlyForDeploymentPostprocessing = 0;
		};
		E66EF37D1114B00D00E9E26F /* Resources */ = {
			isa = PBXResourcesBuildPhase;
			buildActionMask = 2147483647;
			files = (
			);
			runOnlyForDeploymentPostprocessing = 0;
		};
/* End PBXResourcesBuildPhase section */

/* Begin PBXShellScriptBuildPhase section */
		E66EF3801114B00D00E9E26F /* ShellScript */ = {
			isa = PBXShellScriptBuildPhase;
			buildActionMask = 2147483647;
			files = (
			);
			inputPaths = (
			);
			outputPaths = (
			);
			runOnlyForDeploymentPostprocessing = 0;
			shellPath = /bin/sh;
			shellScript = "# Run the unit tests in this test bundle.\n\"${SYSTEM_DEVELOPER_DIR}/Tools/RunUnitTests\"\n";
		};
/* End PBXShellScriptBuildPhase section */

/* Begin PBXSourcesBuildPhase section */
		8D11072C0486CEB800E47090 /* Sources */ = {
			isa = PBXSourcesBuildPhase;
			buildActionMask = 2147483647;
			files = (
				8D11072D0486CEB800E47090 /* main.m in Sources */,
				E66EF3661114948500E9E26F /* Alarm_ClockAppDelegate.m in Sources */,
				E66EF36E1114976500E9E26F /* SCPlotCanvas.m in Sources */,
				E66EF3941114DFEF00E9E26F /* SCScale.m in Sources */,
				E66EF3BC1114ED9200E9E26F /* SC2DScale.m in Sources */,
				E66EF3FE1115009200E9E26F /* SCGraph.m in Sources */,
				AA6C58D41119B3C200D02F93 /* SCRemoteAccelerometer.m in Sources */,
			);
			runOnlyForDeploymentPostprocessing = 0;
		};
		E66EF37E1114B00D00E9E26F /* Sources */ = {
			isa = PBXSourcesBuildPhase;
			buildActionMask = 2147483647;
			files = (
				E66EF38B1114B09000E9E26F /* SCMapperUnitTest.m in Sources */,
				E66EF3931114DFEF00E9E26F /* SCScale.m in Sources */,
				E66EF3BB1114ED9200E9E26F /* SC2DScale.m in Sources */,
				E66EF3BF1114F0D000E9E26F /* SC2DScaleUnitTest.m in Sources */,
				E66EF3F21114FBA500E9E26F /* SCGraph.m in Sources */,
			);
			runOnlyForDeploymentPostprocessing = 0;
		};
/* End PBXSourcesBuildPhase section */

/* Begin PBXVariantGroup section */
		089C165CFE840E0CC02AAC07 /* InfoPlist.strings */ = {
			isa = PBXVariantGroup;
			children = (
				089C165DFE840E0CC02AAC07 /* English */,
			);
			name = InfoPlist.strings;
			sourceTree = "<group>";
		};
		1DDD58140DA1D0A300B32029 /* MainMenu.xib */ = {
			isa = PBXVariantGroup;
			children = (
				1DDD58150DA1D0A300B32029 /* English */,
			);
			name = MainMenu.xib;
			sourceTree = "<group>";
		};
/* End PBXVariantGroup section */

/* Begin XCBuildConfiguration section */
		C01FCF4B08A954540054247B /* Debug */ = {
			isa = XCBuildConfiguration;
			buildSettings = {
				ALWAYS_SEARCH_USER_PATHS = NO;
				COPY_PHASE_STRIP = NO;
				GCC_DYNAMIC_NO_PIC = NO;
				GCC_ENABLE_FIX_AND_CONTINUE = YES;
				GCC_MODEL_TUNING = G5;
				GCC_OPTIMIZATION_LEVEL = 0;
				GCC_PRECOMPILE_PREFIX_HEADER = YES;
				GCC_PREFIX_HEADER = Alarm_Clock_Prefix.pch;
				INFOPLIST_FILE = "Alarm_Clock-Info.plist";
				INSTALL_PATH = "$(HOME)/Applications";
				PRODUCT_NAME = "Alarm-Clock";
			};
			name = Debug;
		};
		C01FCF4C08A954540054247B /* Release */ = {
			isa = XCBuildConfiguration;
			buildSettings = {
				ALWAYS_SEARCH_USER_PATHS = NO;
				DEBUG_INFORMATION_FORMAT = "dwarf-with-dsym";
				GCC_MODEL_TUNING = G5;
				GCC_PRECOMPILE_PREFIX_HEADER = YES;
				GCC_PREFIX_HEADER = Alarm_Clock_Prefix.pch;
				INFOPLIST_FILE = "Alarm_Clock-Info.plist";
				INSTALL_PATH = "$(HOME)/Applications";
				PRODUCT_NAME = "Alarm-Clock";
			};
			name = Release;
		};
		C01FCF4F08A954540054247B /* Debug */ = {
			isa = XCBuildConfiguration;
			buildSettings = {
				ARCHS = "$(ARCHS_STANDARD_32_64_BIT)";
				GCC_C_LANGUAGE_STANDARD = gnu99;
				GCC_OPTIMIZATION_LEVEL = 0;
				GCC_WARN_ABOUT_RETURN_TYPE = YES;
				GCC_WARN_UNUSED_VARIABLE = YES;
				ONLY_ACTIVE_ARCH = YES;
				PREBINDING = NO;
				SDKROOT = macosx10.6;
			};
			name = Debug;
		};
		C01FCF5008A954540054247B /* Release */ = {
			isa = XCBuildConfiguration;
			buildSettings = {
				ARCHS = "$(ARCHS_STANDARD_32_64_BIT)";
				GCC_C_LANGUAGE_STANDARD = gnu99;
				GCC_WARN_ABOUT_RETURN_TYPE = YES;
				GCC_WARN_UNUSED_VARIABLE = YES;
				PREBINDING = NO;
				SDKROOT = macosx10.6;
			};
			name = Release;
		};
		E66EF3841114B00E00E9E26F /* Debug */ = {
			isa = XCBuildConfiguration;
			buildSettings = {
				ALWAYS_SEARCH_USER_PATHS = NO;
				COPY_PHASE_STRIP = NO;
				FRAMEWORK_SEARCH_PATHS = "$(DEVELOPER_LIBRARY_DIR)/Frameworks";
				GCC_DYNAMIC_NO_PIC = NO;
				GCC_ENABLE_FIX_AND_CONTINUE = NO;
				GCC_ENABLE_OBJC_EXCEPTIONS = YES;
				GCC_MODEL_TUNING = G5;
				GCC_OPTIMIZATION_LEVEL = 0;
				GCC_PRECOMPILE_PREFIX_HEADER = YES;
				GCC_PREFIX_HEADER = "$(SYSTEM_LIBRARY_DIR)/Frameworks/Cocoa.framework/Headers/Cocoa.h";
				INFOPLIST_FILE = "UnitTests-Info.plist";
				INSTALL_PATH = "$(USER_LIBRARY_DIR)/Bundles";
				OTHER_LDFLAGS = (
					"-framework",
					Cocoa,
					"-framework",
					SenTestingKit,
				);
				PREBINDING = NO;
				PRODUCT_NAME = UnitTests;
				WRAPPER_EXTENSION = octest;
			};
			name = Debug;
		};
		E66EF3851114B00E00E9E26F /* Release */ = {
			isa = XCBuildConfiguration;
			buildSettings = {
				ALWAYS_SEARCH_USER_PATHS = NO;
				COPY_PHASE_STRIP = YES;
				DEBUG_INFORMATION_FORMAT = "dwarf-with-dsym";
				FRAMEWORK_SEARCH_PATHS = "$(DEVELOPER_LIBRARY_DIR)/Frameworks";
				GCC_ENABLE_FIX_AND_CONTINUE = NO;
				GCC_ENABLE_OBJC_EXCEPTIONS = YES;
				GCC_MODEL_TUNING = G5;
				GCC_PRECOMPILE_PREFIX_HEADER = YES;
				GCC_PREFIX_HEADER = "$(SYSTEM_LIBRARY_DIR)/Frameworks/Cocoa.framework/Headers/Cocoa.h";
				INFOPLIST_FILE = "UnitTests-Info.plist";
				INSTALL_PATH = "$(USER_LIBRARY_DIR)/Bundles";
				OTHER_LDFLAGS = (
					"-framework",
					Cocoa,
					"-framework",
					SenTestingKit,
				);
				PREBINDING = NO;
				PRODUCT_NAME = UnitTests;
				WRAPPER_EXTENSION = octest;
				ZERO_LINK = NO;
			};
			name = Release;
		};
/* End XCBuildConfiguration section */

/* Begin XCConfigurationList section */
		C01FCF4A08A954540054247B /* Build configuration list for PBXNativeTarget "Alarm-Clock" */ = {
			isa = XCConfigurationList;
			buildConfigurations = (
				C01FCF4B08A954540054247B /* Debug */,
				C01FCF4C08A954540054247B /* Release */,
			);
			defaultConfigurationIsVisible = 0;
			defaultConfigurationName = Release;
		};
		C01FCF4E08A954540054247B /* Build configuration list for PBXProject "Alarm-Clock" */ = {
			isa = XCConfigurationList;
			buildConfigurations = (
				C01FCF4F08A954540054247B /* Debug */,
				C01FCF5008A954540054247B /* Release */,
			);
			defaultConfigurationIsVisible = 0;
			defaultConfigurationName = Release;
		};
		E66EF3861114B00E00E9E26F /* Build configuration list for PBXNativeTarget "UnitTests" */ = {
			isa = XCConfigurationList;
			buildConfigurations = (
				E66EF3841114B00E00E9E26F /* Debug */,
				E66EF3851114B00E00E9E26F /* Release */,
			);
			defaultConfigurationIsVisible = 0;
			defaultConfigurationName = Release;
		};
/* End XCConfigurationList section */
	};
	rootObject = 29B97313FDCFA39411CA2CEA /* Project object */;
}
